// !$*UTF8*$!
{
	archiveVersion = 1;
	classes = {
	};
	objectVersion = 46;
	objects = {

/* Begin PBXBuildFile section */
		ADBCCA691AB642F5001CDE01 /* AppDelegate.swift in Sources */ = {isa = PBXBuildFile; fileRef = ADBCCA681AB642F5001CDE01 /* AppDelegate.swift */; };
		ADBCCA6B1AB642F5001CDE01 /* ViewController.swift in Sources */ = {isa = PBXBuildFile; fileRef = ADBCCA6A1AB642F5001CDE01 /* ViewController.swift */; };
		ADBCCA6E1AB642F5001CDE01 /* Main.storyboard in Resources */ = {isa = PBXBuildFile; fileRef = ADBCCA6C1AB642F5001CDE01 /* Main.storyboard */; };
		ADBCCA701AB642F5001CDE01 /* Images.xcassets in Resources */ = {isa = PBXBuildFile; fileRef = ADBCCA6F1AB642F5001CDE01 /* Images.xcassets */; };
		ADBCCA731AB642F5001CDE01 /* LaunchScreen.xib in Resources */ = {isa = PBXBuildFile; fileRef = ADBCCA711AB642F5001CDE01 /* LaunchScreen.xib */; };
		ADBCCA7F1AB642F5001CDE01 /* likeApp3Tests.swift in Sources */ = {isa = PBXBuildFile; fileRef = ADBCCA7E1AB642F5001CDE01 /* likeApp3Tests.swift */; };
/* End PBXBuildFile section */

/* Begin PBXContainerItemProxy section */
		ADBCCA791AB642F5001CDE01 /* PBXContainerItemProxy */ = {
			isa = PBXContainerItemProxy;
			containerPortal = ADBCCA5B1AB642F5001CDE01 /* Project object */;
			proxyType = 1;
			remoteGlobalIDString = ADBCCA621AB642F5001CDE01;
			remoteInfo = likeApp3;
		};
/* End PBXContainerItemProxy section */

/* Begin PBXFileReference section */
		ADBCCA631AB642F5001CDE01 /* likeApp3.app */ = {isa = PBXFileReference; explicitFileType = wrapper.application; includeInIndex = 0; path = likeApp3.app; sourceTree = BUILT_PRODUCTS_DIR; };
		ADBCCA671AB642F5001CDE01 /* Info.plist */ = {isa = PBXFileReference; lastKnownFileType = text.plist.xml; path = Info.plist; sourceTree = "<group>"; };
		ADBCCA681AB642F5001CDE01 /* AppDelegate.swift */ = {isa = PBXFileReference; lastKnownFileType = sourcecode.swift; path = AppDelegate.swift; sourceTree = "<group>"; };
		ADBCCA6A1AB642F5001CDE01 /* ViewController.swift */ = {isa = PBXFileReference; lastKnownFileType = sourcecode.swift; path = ViewController.swift; sourceTree = "<group>"; };
		ADBCCA6D1AB642F5001CDE01 /* Base */ = {isa = PBXFileReference; lastKnownFileType = file.storyboard; name = Base; path = Base.lproj/Main.storyboard; sourceTree = "<group>"; };
		ADBCCA6F1AB642F5001CDE01 /* Images.xcassets */ = {isa = PBXFileReference; lastKnownFileType = folder.assetcatalog; path = Images.xcassets; sourceTree = "<group>"; };
		ADBCCA721AB642F5001CDE01 /* Base */ = {isa = PBXFileReference; lastKnownFileType = file.xib; name = Base; path = Base.lproj/LaunchScreen.xib; sourceTree = "<group>"; };
		ADBCCA781AB642F5001CDE01 /* likeApp3Tests.xctest */ = {isa = PBXFileReference; explicitFileType = wrapper.cfbundle; includeInIndex = 0; path = likeApp3Tests.xctest; sourceTree = BUILT_PRODUCTS_DIR; };
		ADBCCA7D1AB642F5001CDE01 /* Info.plist */ = {isa = PBXFileReference; lastKnownFileType = text.plist.xml; path = Info.plist; sourceTree = "<group>"; };
		ADBCCA7E1AB642F5001CDE01 /* likeApp3Tests.swift */ = {isa = PBXFileReference; lastKnownFileType = sourcecode.swift; path = likeApp3Tests.swift; sourceTree = "<group>"; };
/* End PBXFileReference section */

/* Begin PBXFrameworksBuildPhase section */
		ADBCCA601AB642F5001CDE01 /* Frameworks */ = {
			isa = PBXFrameworksBuildPhase;
			buildActionMask = 2147483647;
			files = (
			);
			runOnlyForDeploymentPostprocessing = 0;
		};
		ADBCCA751AB642F5001CDE01 /* Frameworks */ = {
			isa = PBXFrameworksBuildPhase;
			buildActionMask = 2147483647;
			files = (
			);
			runOnlyForDeploymentPostprocessing = 0;
		};
/* End PBXFrameworksBuildPhase section */

/* Begin PBXGroup section */
		ADBCCA5A1AB642F5001CDE01 = {
			isa = PBXGroup;
			children = (
				ADBCCA651AB642F5001CDE01 /* likeApp3 */,
				ADBCCA7B1AB642F5001CDE01 /* likeApp3Tests */,
				ADBCCA641AB642F5001CDE01 /* Products */,
			);
			sourceTree = "<group>";
		};
		ADBCCA641AB642F5001CDE01 /* Products */ = {
			isa = PBXGroup;
			children = (
				ADBCCA631AB642F5001CDE01 /* likeApp3.app */,
				ADBCCA781AB642F5001CDE01 /* likeApp3Tests.xctest */,
			);
			name = Products;
			sourceTree = "<group>";
		};
		ADBCCA651AB642F5001CDE01 /* likeApp3 */ = {
			isa = PBXGroup;
			children = (
				ADBCCA681AB642F5001CDE01 /* AppDelegate.swift */,
				ADBCCA6A1AB642F5001CDE01 /* ViewController.swift */,
				ADBCCA6C1AB642F5001CDE01 /* Main.storyboard */,
				ADBCCA6F1AB642F5001CDE01 /* Images.xcassets */,
				ADBCCA711AB642F5001CDE01 /* LaunchScreen.xib */,
				ADBCCA661AB642F5001CDE01 /* Supporting Files */,
			);
			path = likeApp3;
			sourceTree = "<group>";
		};
		ADBCCA661AB642F5001CDE01 /* Supporting Files */ = {
			isa = PBXGroup;
			children = (
				ADBCCA671AB642F5001CDE01 /* Info.plist */,
			);
			name = "Supporting Files";
			sourceTree = "<group>";
		};
		ADBCCA7B1AB642F5001CDE01 /* likeApp3Tests */ = {
			isa = PBXGroup;
			children = (
				ADBCCA7E1AB642F5001CDE01 /* likeApp3Tests.swift */,
				ADBCCA7C1AB642F5001CDE01 /* Supporting Files */,
			);
			path = likeApp3Tests;
			sourceTree = "<group>";
		};
		ADBCCA7C1AB642F5001CDE01 /* Supporting Files */ = {
			isa = PBXGroup;
			children = (
				ADBCCA7D1AB642F5001CDE01 /* Info.plist */,
			);
			name = "Supporting Files";
			sourceTree = "<group>";
		};
/* End PBXGroup section */

/* Begin PBXNativeTarget section */
		ADBCCA621AB642F5001CDE01 /* likeApp3 */ = {
			isa = PBXNativeTarget;
			buildConfigurationList = ADBCCA821AB642F5001CDE01 /* Build configuration list for PBXNativeTarget "likeApp3" */;
			buildPhases = (
				ADBCCA5F1AB642F5001CDE01 /* Sources */,
				ADBCCA601AB642F5001CDE01 /* Frameworks */,
				ADBCCA611AB642F5001CDE01 /* Resources */,
			);
			buildRules = (
			);
			dependencies = (
			);
			name = likeApp3;
			productName = likeApp3;
			productReference = ADBCCA631AB642F5001CDE01 /* likeApp3.app */;
			productType = "com.apple.product-type.application";
		};
		ADBCCA771AB642F5001CDE01 /* likeApp3Tests */ = {
			isa = PBXNativeTarget;
			buildConfigurationList = ADBCCA851AB642F5001CDE01 /* Build configuration list for PBXNativeTarget "likeApp3Tests" */;
			buildPhases = (
				ADBCCA741AB642F5001CDE01 /* Sources */,
				ADBCCA751AB642F5001CDE01 /* Frameworks */,
				ADBCCA761AB642F5001CDE01 /* Resources */,
			);
			buildRules = (
			);
			dependencies = (
				ADBCCA7A1AB642F5001CDE01 /* PBXTargetDependency */,
			);
			name = likeApp3Tests;
			productName = likeApp3Tests;
			productReference = ADBCCA781AB642F5001CDE01 /* likeApp3Tests.xctest */;
			productType = "com.apple.product-type.bundle.unit-test";
		};
/* End PBXNativeTarget section */

/* Begin PBXProject section */
		ADBCCA5B1AB642F5001CDE01 /* Project object */ = {
			isa = PBXProject;
			attributes = {
				LastUpgradeCheck = 0620;
				ORGANIZATIONNAME = "Vinícius Arcoverde";
				TargetAttributes = {
					ADBCCA621AB642F5001CDE01 = {
						CreatedOnToolsVersion = 6.2;
					};
					ADBCCA771AB642F5001CDE01 = {
						CreatedOnToolsVersion = 6.2;
						TestTargetID = ADBCCA621AB642F5001CDE01;
					};
				};
			};
			buildConfigurationList = ADBCCA5E1AB642F5001CDE01 /* Build configuration list for PBXProject "likeApp3" */;
			compatibilityVersion = "Xcode 3.2";
			developmentRegion = English;
			hasScannedForEncodings = 0;
			knownRegions = (
				en,
				Base,
			);
			mainGroup = ADBCCA5A1AB642F5001CDE01;
			productRefGroup = ADBCCA641AB642F5001CDE01 /* Products */;
			projectDirPath = "";
			projectRoot = "";
			targets = (
				ADBCCA621AB642F5001CDE01 /* likeApp3 */,
				ADBCCA771AB642F5001CDE01 /* likeApp3Tests */,
			);
		};
/* End PBXProject section */

/* Begin PBXResourcesBuildPhase section */
		ADBCCA611AB642F5001CDE01 /* Resources */ = {
			isa = PBXResourcesBuildPhase;
			buildActionMask = 2147483647;
			files = (
				ADBCCA6E1AB642F5001CDE01 /* Main.storyboard in Resources */,
				ADBCCA731AB642F5001CDE01 /* LaunchScreen.xib in Resources */,
				ADBCCA701AB642F5001CDE01 /* Images.xcassets in Resources */,
			);
			runOnlyForDeploymentPostprocessing = 0;
		};
		ADBCCA761AB642F5001CDE01 /* Resources */ = {
			isa = PBXResourcesBuildPhase;
			buildActionMask = 2147483647;
			files = (
			);
			runOnlyForDeploymentPostprocessing = 0;
		};
/* End PBXResourcesBuildPhase section */

/* Begin PBXSourcesBuildPhase section */
		ADBCCA5F1AB642F5001CDE01 /* Sources */ = {
			isa = PBXSourcesBuildPhase;
			buildActionMask = 2147483647;
			files = (
				ADBCCA6B1AB642F5001CDE01 /* ViewController.swift in Sources */,
				ADBCCA691AB642F5001CDE01 /* AppDelegate.swift in Sources */,
			);
			runOnlyForDeploymentPostprocessing = 0;
		};
		ADBCCA741AB642F5001CDE01 /* Sources */ = {
			isa = PBXSourcesBuildPhase;
			buildActionMask = 2147483647;
			files = (
				ADBCCA7F1AB642F5001CDE01 /* likeApp3Tests.swift in Sources */,
			);
			runOnlyForDeploymentPostprocessing = 0;
		};
/* End PBXSourcesBuildPhase section */

/* Begin PBXTargetDependency section */
		ADBCCA7A1AB642F5001CDE01 /* PBXTargetDependency */ = {
			isa = PBXTargetDependency;
			target = ADBCCA621AB642F5001CDE01 /* likeApp3 */;
			targetProxy = ADBCCA791AB642F5001CDE01 /* PBXContainerItemProxy */;
		};
/* End PBXTargetDependency section */

/* Begin PBXVariantGroup section */
		ADBCCA6C1AB642F5001CDE01 /* Main.storyboard */ = {
			isa = PBXVariantGroup;
			children = (
				ADBCCA6D1AB642F5001CDE01 /* Base */,
			);
			name = Main.storyboard;
			sourceTree = "<group>";
		};
		ADBCCA711AB642F5001CDE01 /* LaunchScreen.xib */ = {
			isa = PBXVariantGroup;
			children = (
				ADBCCA721AB642F5001CDE01 /* Base */,
			);
			name = LaunchScreen.xib;
			sourceTree = "<group>";
		};
/* End PBXVariantGroup section */

/* Begin XCBuildConfiguration section */
		ADBCCA801AB642F5001CDE01 /* Debug */ = {
			isa = XCBuildConfiguration;
			buildSettings = {
				ALWAYS_SEARCH_USER_PATHS = NO;
				CLANG_CXX_LANGUAGE_STANDARD = "gnu++0x";
				CLANG_CXX_LIBRARY = "libc++";
				CLANG_ENABLE_MODULES = YES;
				CLANG_ENABLE_OBJC_ARC = YES;
				CLANG_WARN_BOOL_CONVERSION = YES;
				CLANG_WARN_CONSTANT_CONVERSION = YES;
				CLANG_WARN_DIRECT_OBJC_ISA_USAGE = YES_ERROR;
				CLANG_WARN_EMPTY_BODY = YES;
				CLANG_WARN_ENUM_CONVERSION = YES;
				CLANG_WARN_INT_CONVERSION = YES;
				CLANG_WARN_OBJC_ROOT_CLASS = YES_ERROR;
				CLANG_WARN_UNREACHABLE_CODE = YES;
				CLANG_WARN__DUPLICATE_METHOD_MATCH = YES;
				"CODE_SIGN_IDENTITY[sdk=iphoneos*]" = "iPhone Developer";
				COPY_PHASE_STRIP = NO;
				ENABLE_STRICT_OBJC_MSGSEND = YES;
				GCC_C_LANGUAGE_STANDARD = gnu99;
				GCC_DYNAMIC_NO_PIC = NO;
				GCC_OPTIMIZATION_LEVEL = 0;
				GCC_PREPROCESSOR_DEFINITIONS = (
					"DEBUG=1",
					"$(inherited)",
				);
				GCC_SYMBOLS_PRIVATE_EXTERN = NO;
				GCC_WARN_64_TO_32_BIT_CONVERSION = YES;
				GCC_WARN_ABOUT_RETURN_TYPE = YES_ERROR;
				GCC_WARN_UNDECLARED_SELECTOR = YES;
				GCC_WARN_UNINITIALIZED_AUTOS = YES_AGGRESSIVE;
				GCC_WARN_UNUSED_FUNCTION = YES;
				GCC_WARN_UNUSED_VARIABLE = YES;
				IPHONEOS_DEPLOYMENT_TARGET = 8.2;
				MTL_ENABLE_DEBUG_INFO = YES;
				ONLY_ACTIVE_ARCH = YES;
				SDKROOT = iphoneos;
				SWIFT_OPTIMIZATION_LEVEL = "-Onone";
				TARGETED_DEVICE_FAMILY = "1,2";
			};
			name = Debug;
		};
		ADBCCA811AB642F5001CDE01 /* Release */ = {
			isa = XCBuildConfiguration;
			buildSettings = {
				ALWAYS_SEARCH_USER_PATHS = NO;
				CLANG_CXX_LANGUAGE_STANDARD = "gnu++0x";
				CLANG_CXX_LIBRARY = "libc++";
				CLANG_ENABLE_MODULES = YES;
				CLANG_ENABLE_OBJC_ARC = YES;
				CLANG_WARN_BOOL_CONVERSION = YES;
				CLANG_WARN_CONSTANT_CONVERSION = YES;
				CLANG_WARN_DIRECT_OBJC_ISA_USAGE = YES_ERROR;
				CLANG_WARN_EMPTY_BODY = YES;
				CLANG_WARN_ENUM_CONVERSION = YES;
				CLANG_WARN_INT_CONVERSION = YES;
				CLANG_WARN_OBJC_ROOT_CLASS = YES_ERROR;
				CLANG_WARN_UNREACHABLE_CODE = YES;
				CLANG_WARN__DUPLICATE_METHOD_MATCH = YES;
				"CODE_SIGN_IDENTITY[sdk=iphoneos*]" = "iPhone Developer";
				COPY_PHASE_STRIP = NO;
				ENABLE_NS_ASSERTIONS = NO;
				ENABLE_STRICT_OBJC_MSGSEND = YES;
				GCC_C_LANGUAGE_STANDARD = gnu99;
				GCC_WARN_64_TO_32_BIT_CONVERSION = YES;
				GCC_WARN_ABOUT_RETURN_TYPE = YES_ERROR;
				GCC_WARN_UNDECLARED_SELECTOR = YES;
				GCC_WARN_UNINITIALIZED_AUTOS = YES_AGGRESSIVE;
				GCC_WARN_UNUSED_FUNCTION = YES;
				GCC_WARN_UNUSED_VARIABLE = YES;
				IPHONEOS_DEPLOYMENT_TARGET = 8.2;
				MTL_ENABLE_DEBUG_INFO = NO;
				SDKROOT = iphoneos;
				TARGETED_DEVICE_FAMILY = "1,2";
				VALIDATE_PRODUCT = YES;
			};
			name = Release;
		};
		ADBCCA831AB642F5001CDE01 /* Debug */ = {
			isa = XCBuildConfiguration;
			buildSettings = {
				ASSETCATALOG_COMPILER_APPICON_NAME = AppIcon;
				INFOPLIST_FILE = likeApp3/Info.plist;
				LD_RUNPATH_SEARCH_PATHS = "$(inherited) @executable_path/Frameworks";
				PRODUCT_NAME = "$(TARGET_NAME)";
			};
			name = Debug;
		};
		ADBCCA841AB642F5001CDE01 /* Release */ = {
			isa = XCBuildConfiguration;
			buildSettings = {
				ASSETCATALOG_COMPILER_APPICON_NAME = AppIcon;
				INFOPLIST_FILE = likeApp3/Info.plist;
				LD_RUNPATH_SEARCH_PATHS = "$(inherited) @executable_path/Frameworks";
				PRODUCT_NAME = "$(TARGET_NAME)";
			};
			name = Release;
		};
		ADBCCA861AB642F5001CDE01 /* Debug */ = {
			isa = XCBuildConfiguration;
			buildSettings = {
				BUNDLE_LOADER = "$(TEST_HOST)";
				FRAMEWORK_SEARCH_PATHS = (
					"$(SDKROOT)/Developer/Library/Frameworks",
					"$(inherited)",
				);
				GCC_PREPROCESSOR_DEFINITIONS = (
					"DEBUG=1",
					"$(inherited)",
				);
				INFOPLIST_FILE = likeApp3Tests/Info.plist;
				LD_RUNPATH_SEARCH_PATHS = "$(inherited) @executable_path/Frameworks @loader_path/Frameworks";
				PRODUCT_NAME = "$(TARGET_NAME)";
				TEST_HOST = "$(BUILT_PRODUCTS_DIR)/likeApp3.app/likeApp3";
			};
			name = Debug;
		};
		ADBCCA871AB642F5001CDE01 /* Release */ = {
			isa = XCBuildConfiguration;
			buildSettings = {
				BUNDLE_LOADER = "$(TEST_HOST)";
				FRAMEWORK_SEARCH_PATHS = (
					"$(SDKROOT)/Developer/Library/Frameworks",
					"$(inherited)",
				);
				INFOPLIST_FILE = likeApp3Tests/Info.plist;
				LD_RUNPATH_SEARCH_PATHS = "$(inherited) @executable_path/Frameworks @loader_path/Frameworks";
				PRODUCT_NAME = "$(TARGET_NAME)";
				TEST_HOST = "$(BUILT_PRODUCTS_DIR)/likeApp3.app/likeApp3";
			};
			name = Release;
		};
/* End XCBuildConfiguration section */

/* Begin XCConfigurationList section */
		ADBCCA5E1AB642F5001CDE01 /* Build configuration list for PBXProject "likeApp3" */ = {
			isa = XCConfigurationList;
			buildConfigurations = (
				ADBCCA801AB642F5001CDE01 /* Debug */,
				ADBCCA811AB642F5001CDE01 /* Release */,
			);
			defaultConfigurationIsVisible = 0;
			defaultConfigurationName = Release;
		};
		ADBCCA821AB642F5001CDE01 /* Build configuration list for PBXNativeTarget "likeApp3" */ = {
			isa = XCConfigurationList;
			buildConfigurations = (
				ADBCCA831AB642F5001CDE01 /* Debug */,
				ADBCCA841AB642F5001CDE01 /* Release */,
			);
			defaultConfigurationIsVisible = 0;
			defaultConfigurationName = Release;
		};
		ADBCCA851AB642F5001CDE01 /* Build configuration list for PBXNativeTarget "likeApp3Tests" */ = {
			isa = XCConfigurationList;
			buildConfigurations = (
				ADBCCA861AB642F5001CDE01 /* Debug */,
				ADBCCA871AB642F5001CDE01 /* Release */,
			);
			defaultConfigurationIsVisible = 0;
			defaultConfigurationName = Release;
		};
/* End XCConfigurationList section */
	};
	rootObject = ADBCCA5B1AB642F5001CDE01 /* Project object */;
}
